// !$*UTF8*$!
{
	archiveVersion = 1;
	classes = {
	};
	objectVersion = 46;
	objects = {

/* Begin PBXBuildFile section */
		C7E183841DDAFD28007C3DA0 /* AppDelegate.swift in Sources */ = {isa = PBXBuildFile; fileRef = C7E183831DDAFD28007C3DA0 /* AppDelegate.swift */; };
		C7E183861DDAFD28007C3DA0 /* ViewController.swift in Sources */ = {isa = PBXBuildFile; fileRef = C7E183851DDAFD28007C3DA0 /* ViewController.swift */; };
		C7E183891DDAFD28007C3DA0 /* Main.storyboard in Resources */ = {isa = PBXBuildFile; fileRef = C7E183871DDAFD28007C3DA0 /* Main.storyboard */; };
		C7E1838B1DDAFD28007C3DA0 /* Assets.xcassets in Resources */ = {isa = PBXBuildFile; fileRef = C7E1838A1DDAFD28007C3DA0 /* Assets.xcassets */; };
		C7E1838E1DDAFD28007C3DA0 /* LaunchScreen.storyboard in Resources */ = {isa = PBXBuildFile; fileRef = C7E1838C1DDAFD28007C3DA0 /* LaunchScreen.storyboard */; };
		C7E183961DDAFE54007C3DA0 /* Pumpkin01_64.png in Resources */ = {isa = PBXBuildFile; fileRef = C7E183951DDAFE54007C3DA0 /* Pumpkin01_64.png */; };
/* End PBXBuildFile section */

/* Begin PBXFileReference section */
		C7E183801DDAFD28007C3DA0 /* UI01.app */ = {isa = PBXFileReference; explicitFileType = wrapper.application; includeInIndex = 0; path = UI01.app; sourceTree = BUILT_PRODUCTS_DIR; };
		C7E183831DDAFD28007C3DA0 /* AppDelegate.swift */ = {isa = PBXFileReference; lastKnownFileType = sourcecode.swift; path = AppDelegate.swift; sourceTree = "<group>"; };
		C7E183851DDAFD28007C3DA0 /* ViewController.swift */ = {isa = PBXFileReference; lastKnownFileType = sourcecode.swift; path = ViewController.swift; sourceTree = "<group>"; };
		C7E183881DDAFD28007C3DA0 /* Base */ = {isa = PBXFileReference; lastKnownFileType = file.storyboard; name = Base; path = Base.lproj/Main.storyboard; sourceTree = "<group>"; };
		C7E1838A1DDAFD28007C3DA0 /* Assets.xcassets */ = {isa = PBXFileReference; lastKnownFileType = folder.assetcatalog; path = Assets.xcassets; sourceTree = "<group>"; };
		C7E1838D1DDAFD28007C3DA0 /* Base */ = {isa = PBXFileReference; lastKnownFileType = file.storyboard; name = Base; path = Base.lproj/LaunchScreen.storyboard; sourceTree = "<group>"; };
		C7E1838F1DDAFD28007C3DA0 /* Info.plist */ = {isa = PBXFileReference; lastKnownFileType = text.plist.xml; path = Info.plist; sourceTree = "<group>"; };
		C7E183951DDAFE54007C3DA0 /* Pumpkin01_64.png */ = {isa = PBXFileReference; lastKnownFileType = image.png; path = Pumpkin01_64.png; sourceTree = "<group>"; };
/* End PBXFileReference section */

/* Begin PBXFrameworksBuildPhase section */
		C7E1837D1DDAFD28007C3DA0 /* Frameworks */ = {
			isa = PBXFrameworksBuildPhase;
			buildActionMask = 2147483647;
			files = (
			);
			runOnlyForDeploymentPostprocessing = 0;
		};
/* End PBXFrameworksBuildPhase section */

/* Begin PBXGroup section */
		C7E183771DDAFD28007C3DA0 = {
			isa = PBXGroup;
			children = (
				C7E183821DDAFD28007C3DA0 /* UI01 */,
				C7E183811DDAFD28007C3DA0 /* Products */,
			);
			sourceTree = "<group>";
		};
		C7E183811DDAFD28007C3DA0 /* Products */ = {
			isa = PBXGroup;
			children = (
				C7E183801DDAFD28007C3DA0 /* UI01.app */,
			);
			name = Products;
			sourceTree = "<group>";
		};
		C7E183821DDAFD28007C3DA0 /* UI01 */ = {
			isa = PBXGroup;
			children = (
				C7E183831DDAFD28007C3DA0 /* AppDelegate.swift */,
				C7E183851DDAFD28007C3DA0 /* ViewController.swift */,
				C7E183871DDAFD28007C3DA0 /* Main.storyboard */,
				C7E183951DDAFE54007C3DA0 /* Pumpkin01_64.png */,
				C7E1838A1DDAFD28007C3DA0 /* Assets.xcassets */,
				C7E1838C1DDAFD28007C3DA0 /* LaunchScreen.storyboard */,
				C7E1838F1DDAFD28007C3DA0 /* Info.plist */,
			);
			path = UI01;
			sourceTree = "<group>";
		};
/* End PBXGroup section */

/* Begin PBXNativeTarget section */
		C7E1837F1DDAFD28007C3DA0 /* UI01 */ = {
			isa = PBXNativeTarget;
			buildConfigurationList = C7E183921DDAFD28007C3DA0 /* Build configuration list for PBXNativeTarget "UI01" */;
			buildPhases = (
				C7E1837C1DDAFD28007C3DA0 /* Sources */,
				C7E1837D1DDAFD28007C3DA0 /* Frameworks */,
				C7E1837E1DDAFD28007C3DA0 /* Resources */,
			);
			buildRules = (
			);
			dependencies = (
			);
			name = UI01;
			productName = UI01;
			productReference = C7E183801DDAFD28007C3DA0 /* UI01.app */;
			productType = "com.apple.product-type.application";
		};
/* End PBXNativeTarget section */

/* Begin PBXProject section */
		C7E183781DDAFD28007C3DA0 /* Project object */ = {
			isa = PBXProject;
			attributes = {
				LastSwiftUpdateCheck = 0730;
				LastUpgradeCheck = 0730;
				ORGANIZATIONNAME = "ucom Apple root";
				TargetAttributes = {
					C7E1837F1DDAFD28007C3DA0 = {
						CreatedOnToolsVersion = 7.3;
					};
				};
			};
			buildConfigurationList = C7E1837B1DDAFD28007C3DA0 /* Build configuration list for PBXProject "UI01" */;
			compatibilityVersion = "Xcode 3.2";
			developmentRegion = English;
			hasScannedForEncodings = 0;
			knownRegions = (
				en,
				Base,
			);
			mainGroup = C7E183771DDAFD28007C3DA0;
			productRefGroup = C7E183811DDAFD28007C3DA0 /* Products */;
			projectDirPath = "";
			projectRoot = "";
			targets = (
				C7E1837F1DDAFD28007C3DA0 /* UI01 */,
			);
		};
/* End PBXProject section */

/* Begin PBXResourcesBuildPhase section */
		C7E1837E1DDAFD28007C3DA0 /* Resources */ = {
			isa = PBXResourcesBuildPhase;
			buildActionMask = 2147483647;
			files = (
				C7E1838E1DDAFD28007C3DA0 /* LaunchScreen.storyboard in Resources */,
				C7E183961DDAFE54007C3DA0 /* Pumpkin01_64.png in Resources */,
				C7E1838B1DDAFD28007C3DA0 /* Assets.xcassets in Resources */,
				C7E183891DDAFD28007C3DA0 /* Main.storyboard in Resources */,
			);
			runOnlyForDeploymentPostprocessing = 0;
		};
/* End PBXResourcesBuildPhase section */

/* Begin PBXSourcesBuildPhase section */
		C7E1837C1DDAFD28007C3DA0 /* Sources */ = {
			isa = PBXSourcesBuildPhase;
			buildActionMask = 2147483647;
			files = (
				C7E183861DDAFD28007C3DA0 /* ViewController.swift in Sources */,
				C7E183841DDAFD28007C3DA0 /* AppDelegate.swift in Sources */,
			);
			runOnlyForDeploymentPostprocessing = 0;
		};
/* End PBXSourcesBuildPhase section */

/* Begin PBXVariantGroup section */
		C7E183871DDAFD28007C3DA0 /* Main.storyboard */ = {
			isa = PBXVariantGroup;
			children = (
				C7E183881DDAFD28007C3DA0 /* Base */,
			);
			name = Main.storyboard;
			sourceTree = "<group>";
		};
		C7E1838C1DDAFD28007C3DA0 /* LaunchScreen.storyboard */ = {
			isa = PBXVariantGroup;
			children = (
				C7E1838D1DDAFD28007C3DA0 /* Base */,
			);
			name = LaunchScreen.storyboard;
			sourceTree = "<group>";
		};
/* End PBXVariantGroup section */

/* Begin XCBuildConfiguration section */
		C7E183901DDAFD28007C3DA0 /* Debug */ = {
			isa = XCBuildConfiguration;
			buildSettings = {
				ALWAYS_SEARCH_USER_PATHS = NO;
				CLANG_ANALYZER_NONNULL = YES;
				CLANG_CXX_LANGUAGE_STANDARD = "gnu++0x";
				CLANG_CXX_LIBRARY = "libc++";
				CLANG_ENABLE_MODULES = YES;
				CLANG_ENABLE_OBJC_ARC = YES;
				CLANG_WARN_BOOL_CONVERSION = YES;
				CLANG_WARN_CONSTANT_CONVERSION = YES;
				CLANG_WARN_DIRECT_OBJC_ISA_USAGE = YES_ERROR;
				CLANG_WARN_EMPTY_BODY = YES;
				CLANG_WARN_ENUM_CONVERSION = YES;
				CLANG_WARN_INT_CONVERSION = YES;
				CLANG_WARN_OBJC_ROOT_CLASS = YES_ERROR;
				CLANG_WARN_UNREACHABLE_CODE = YES;
				CLANG_WARN__DUPLICATE_METHOD_MATCH = YES;
				"CODE_SIGN_IDENTITY[sdk=iphoneos*]" = "iPhone Developer";
				COPY_PHASE_STRIP = NO;
				DEBUG_INFORMATION_FORMAT = dwarf;
				ENABLE_STRICT_OBJC_MSGSEND = YES;
				ENABLE_TESTABILITY = YES;
				GCC_C_LANGUAGE_STANDARD = gnu99;
				GCC_DYNAMIC_NO_PIC = NO;
				GCC_NO_COMMON_BLOCKS = YES;
				GCC_OPTIMIZATION_LEVEL = 0;
				GCC_PREPROCESSOR_DEFINITIONS = (
					"DEBUG=1",
					"$(inherited)",
				);
				GCC_WARN_64_TO_32_BIT_CONVERSION = YES;
				GCC_WARN_ABOUT_RETURN_TYPE = YES_ERROR;
				GCC_WARN_UNDECLARED_SELECTOR = YES;
				GCC_WARN_UNINITIALIZED_AUTOS = YES_AGGRESSIVE;
				GCC_WARN_UNUSED_FUNCTION = YES;
				GCC_WARN_UNUSED_VARIABLE = YES;
				IPHONEOS_DEPLOYMENT_TARGET = 9.3;
				MTL_ENABLE_DEBUG_INFO = YES;
				ONLY_ACTIVE_ARCH = YES;
				SDKROOT = iphoneos;
				SWIFT_OPTIMIZATION_LEVEL = "-Onone";
			};
			name = Debug;
		};
		C7E183911DDAFD28007C3DA0 /* Release */ = {
			isa = XCBuildConfiguration;
			buildSettings = {
				ALWAYS_SEARCH_USER_PATHS = NO;
				CLANG_ANALYZER_NONNULL = YES;
				CLANG_CXX_LANGUAGE_STANDARD = "gnu++0x";
				CLANG_CXX_LIBRARY = "libc++";
				CLANG_ENABLE_MODULES = YES;
				CLANG_ENABLE_OBJC_ARC = YES;
				CLANG_WARN_BOOL_CONVERSION = YES;
				CLANG_WARN_CONSTANT_CONVERSION = YES;
				CLANG_WARN_DIRECT_OBJC_ISA_USAGE = YES_ERROR;
				CLANG_WARN_EMPTY_BODY = YES;
				CLANG_WARN_ENUM_CONVERSION = YES;
				CLANG_WARN_INT_CONVERSION = YES;
				CLANG_WARN_OBJC_ROOT_CLASS = YES_ERROR;
				CLANG_WARN_UNREACHABLE_CODE = YES;
				CLANG_WARN__DUPLICATE_METHOD_MATCH = YES;
				"CODE_SIGN_IDENTITY[sdk=iphoneos*]" = "iPhone Developer";
				COPY_PHASE_STRIP = NO;
				DEBUG_INFORMATION_FORMAT = "dwarf-with-dsym";
				ENABLE_NS_ASSERTIONS = NO;
				ENABLE_STRICT_OBJC_MSGSEND = YES;
				GCC_C_LANGUAGE_STANDARD = gnu99;
				GCC_NO_COMMON_BLOCKS = YES;
				GCC_WARN_64_TO_32_BIT_CONVERSION = YES;
				GCC_WARN_ABOUT_RETURN_TYPE = YES_ERROR;
				GCC_WARN_UNDECLARED_SELECTOR = YES;
				GCC_WARN_UNINITIALIZED_AUTOS = YES_AGGRESSIVE;
				GCC_WARN_UNUSED_FUNCTION = YES;
				GCC_WARN_UNUSED_VARIABLE = YES;
				IPHONEOS_DEPLOYMENT_TARGET = 9.3;
				MTL_ENABLE_DEBUG_INFO = NO;
				SDKROOT = iphoneos;
				VALIDATE_PRODUCT = YES;
			};
			name = Release;
		};
		C7E183931DDAFD28007C3DA0 /* Debug */ = {
			isa = XCBuildConfiguration;
			buildSettings = {
				ASSETCATALOG_COMPILER_APPICON_NAME = AppIcon;
				INFOPLIST_FILE = UI01/Info.plist;
				LD_RUNPATH_SEARCH_PATHS = "$(inherited) @executable_path/Frameworks";
				PRODUCT_BUNDLE_IDENTIFIER = com.gina.UI01;
				PRODUCT_NAME = "$(TARGET_NAME)";
			};
			name = Debug;
		};
		C7E183941DDAFD28007C3DA0 /* Release */ = {
			isa = XCBuildConfiguration;
			buildSettings = {
				ASSETCATALOG_COMPILER_APPICON_NAME = AppIcon;
				INFOPLIST_FILE = UI01/Info.plist;
				LD_RUNPATH_SEARCH_PATHS = "$(inherited) @executable_path/Frameworks";
				PRODUCT_BUNDLE_IDENTIFIER = com.gina.UI01;
				PRODUCT_NAME = "$(TARGET_NAME)";
			};
			name = Release;
		};
/* End XCBuildConfiguration section */

/* Begin XCConfigurationList section */
		C7E1837B1DDAFD28007C3DA0 /* Build configuration list for PBXProject "UI01" */ = {
			isa = XCConfigurationList;
			buildConfigurations = (
				C7E183901DDAFD28007C3DA0 /* Debug */,
				C7E183911DDAFD28007C3DA0 /* Release */,
			);
			defaultConfigurationIsVisible = 0;
			defaultConfigurationName = Release;
		};
		C7E183921DDAFD28007C3DA0 /* Build configuration list for PBXNativeTarget "UI01" */ = {
			isa = XCConfigurationList;
			buildConfigurations = (
				C7E183931DDAFD28007C3DA0 /* Debug */,
				C7E183941DDAFD28007C3DA0 /* Release */,
			);
			defaultConfigurationIsVisible = 0;
		};
/* End XCConfigurationList section */
	};
	rootObject = C7E183781DDAFD28007C3DA0 /* Project object */;
}
