// !$*UTF8*$!
{
	archiveVersion = 1;
	classes = {
	};
	objectVersion = 46;
	objects = {

/* Begin PBXBuildFile section */
		C72460DC1DD45E5800B7E4C7 /* AppDelegate.swift in Sources */ = {isa = PBXBuildFile; fileRef = C72460DB1DD45E5800B7E4C7 /* AppDelegate.swift */; };
		C72460DE1DD45E5800B7E4C7 /* ViewController.swift in Sources */ = {isa = PBXBuildFile; fileRef = C72460DD1DD45E5800B7E4C7 /* ViewController.swift */; };
		C72460E11DD45E5800B7E4C7 /* Main.storyboard in Resources */ = {isa = PBXBuildFile; fileRef = C72460DF1DD45E5800B7E4C7 /* Main.storyboard */; };
		C72460E31DD45E5800B7E4C7 /* Assets.xcassets in Resources */ = {isa = PBXBuildFile; fileRef = C72460E21DD45E5800B7E4C7 /* Assets.xcassets */; };
		C72460E61DD45E5800B7E4C7 /* LaunchScreen.storyboard in Resources */ = {isa = PBXBuildFile; fileRef = C72460E41DD45E5800B7E4C7 /* LaunchScreen.storyboard */; };
/* End PBXBuildFile section */

/* Begin PBXFileReference section */
		C72460D81DD45E5800B7E4C7 /* CH10_UIAppliaction.app */ = {isa = PBXFileReference; explicitFileType = wrapper.application; includeInIndex = 0; path = CH10_UIAppliaction.app; sourceTree = BUILT_PRODUCTS_DIR; };
		C72460DB1DD45E5800B7E4C7 /* AppDelegate.swift */ = {isa = PBXFileReference; lastKnownFileType = sourcecode.swift; path = AppDelegate.swift; sourceTree = "<group>"; };
		C72460DD1DD45E5800B7E4C7 /* ViewController.swift */ = {isa = PBXFileReference; lastKnownFileType = sourcecode.swift; path = ViewController.swift; sourceTree = "<group>"; };
		C72460E01DD45E5800B7E4C7 /* Base */ = {isa = PBXFileReference; lastKnownFileType = file.storyboard; name = Base; path = Base.lproj/Main.storyboard; sourceTree = "<group>"; };
		C72460E21DD45E5800B7E4C7 /* Assets.xcassets */ = {isa = PBXFileReference; lastKnownFileType = folder.assetcatalog; path = Assets.xcassets; sourceTree = "<group>"; };
		C72460E51DD45E5800B7E4C7 /* Base */ = {isa = PBXFileReference; lastKnownFileType = file.storyboard; name = Base; path = Base.lproj/LaunchScreen.storyboard; sourceTree = "<group>"; };
		C72460E71DD45E5800B7E4C7 /* Info.plist */ = {isa = PBXFileReference; lastKnownFileType = text.plist.xml; path = Info.plist; sourceTree = "<group>"; };
/* End PBXFileReference section */

/* Begin PBXFrameworksBuildPhase section */
		C72460D51DD45E5800B7E4C7 /* Frameworks */ = {
			isa = PBXFrameworksBuildPhase;
			buildActionMask = 2147483647;
			files = (
			);
			runOnlyForDeploymentPostprocessing = 0;
		};
/* End PBXFrameworksBuildPhase section */

/* Begin PBXGroup section */
		C72460CF1DD45E5800B7E4C7 = {
			isa = PBXGroup;
			children = (
				C72460DA1DD45E5800B7E4C7 /* CH10_UIAppliaction */,
				C72460D91DD45E5800B7E4C7 /* Products */,
			);
			sourceTree = "<group>";
		};
		C72460D91DD45E5800B7E4C7 /* Products */ = {
			isa = PBXGroup;
			children = (
				C72460D81DD45E5800B7E4C7 /* CH10_UIAppliaction.app */,
			);
			name = Products;
			sourceTree = "<group>";
		};
		C72460DA1DD45E5800B7E4C7 /* CH10_UIAppliaction */ = {
			isa = PBXGroup;
			children = (
				C72460DB1DD45E5800B7E4C7 /* AppDelegate.swift */,
				C72460DD1DD45E5800B7E4C7 /* ViewController.swift */,
				C72460DF1DD45E5800B7E4C7 /* Main.storyboard */,
				C72460E21DD45E5800B7E4C7 /* Assets.xcassets */,
				C72460E41DD45E5800B7E4C7 /* LaunchScreen.storyboard */,
				C72460E71DD45E5800B7E4C7 /* Info.plist */,
			);
			path = CH10_UIAppliaction;
			sourceTree = "<group>";
		};
/* End PBXGroup section */

/* Begin PBXNativeTarget section */
		C72460D71DD45E5800B7E4C7 /* CH10_UIAppliaction */ = {
			isa = PBXNativeTarget;
			buildConfigurationList = C72460EA1DD45E5800B7E4C7 /* Build configuration list for PBXNativeTarget "CH10_UIAppliaction" */;
			buildPhases = (
				C72460D41DD45E5800B7E4C7 /* Sources */,
				C72460D51DD45E5800B7E4C7 /* Frameworks */,
				C72460D61DD45E5800B7E4C7 /* Resources */,
			);
			buildRules = (
			);
			dependencies = (
			);
			name = CH10_UIAppliaction;
			productName = CH10_UIAppliaction;
			productReference = C72460D81DD45E5800B7E4C7 /* CH10_UIAppliaction.app */;
			productType = "com.apple.product-type.application";
		};
/* End PBXNativeTarget section */

/* Begin PBXProject section */
		C72460D01DD45E5800B7E4C7 /* Project object */ = {
			isa = PBXProject;
			attributes = {
				LastSwiftUpdateCheck = 0730;
				LastUpgradeCheck = 0730;
				ORGANIZATIONNAME = "ucom Apple root";
				TargetAttributes = {
					C72460D71DD45E5800B7E4C7 = {
						CreatedOnToolsVersion = 7.3;
					};
				};
			};
			buildConfigurationList = C72460D31DD45E5800B7E4C7 /* Build configuration list for PBXProject "CH10_UIAppliaction" */;
			compatibilityVersion = "Xcode 3.2";
			developmentRegion = English;
			hasScannedForEncodings = 0;
			knownRegions = (
				en,
				Base,
			);
			mainGroup = C72460CF1DD45E5800B7E4C7;
			productRefGroup = C72460D91DD45E5800B7E4C7 /* Products */;
			projectDirPath = "";
			projectRoot = "";
			targets = (
				C72460D71DD45E5800B7E4C7 /* CH10_UIAppliaction */,
			);
		};
/* End PBXProject section */

/* Begin PBXResourcesBuildPhase section */
		C72460D61DD45E5800B7E4C7 /* Resources */ = {
			isa = PBXResourcesBuildPhase;
			buildActionMask = 2147483647;
			files = (
				C72460E61DD45E5800B7E4C7 /* LaunchScreen.storyboard in Resources */,
				C72460E31DD45E5800B7E4C7 /* Assets.xcassets in Resources */,
				C72460E11DD45E5800B7E4C7 /* Main.storyboard in Resources */,
			);
			runOnlyForDeploymentPostprocessing = 0;
		};
/* End PBXResourcesBuildPhase section */

/* Begin PBXSourcesBuildPhase section */
		C72460D41DD45E5800B7E4C7 /* Sources */ = {
			isa = PBXSourcesBuildPhase;
			buildActionMask = 2147483647;
			files = (
				C72460DE1DD45E5800B7E4C7 /* ViewController.swift in Sources */,
				C72460DC1DD45E5800B7E4C7 /* AppDelegate.swift in Sources */,
			);
			runOnlyForDeploymentPostprocessing = 0;
		};
/* End PBXSourcesBuildPhase section */

/* Begin PBXVariantGroup section */
		C72460DF1DD45E5800B7E4C7 /* Main.storyboard */ = {
			isa = PBXVariantGroup;
			children = (
				C72460E01DD45E5800B7E4C7 /* Base */,
			);
			name = Main.storyboard;
			sourceTree = "<group>";
		};
		C72460E41DD45E5800B7E4C7 /* LaunchScreen.storyboard */ = {
			isa = PBXVariantGroup;
			children = (
				C72460E51DD45E5800B7E4C7 /* Base */,
			);
			name = LaunchScreen.storyboard;
			sourceTree = "<group>";
		};
/* End PBXVariantGroup section */

/* Begin XCBuildConfiguration section */
		C72460E81DD45E5800B7E4C7 /* Debug */ = {
			isa = XCBuildConfiguration;
			buildSettings = {
				ALWAYS_SEARCH_USER_PATHS = NO;
				CLANG_ANALYZER_NONNULL = YES;
				CLANG_CXX_LANGUAGE_STANDARD = "gnu++0x";
				CLANG_CXX_LIBRARY = "libc++";
				CLANG_ENABLE_MODULES = YES;
				CLANG_ENABLE_OBJC_ARC = YES;
				CLANG_WARN_BOOL_CONVERSION = YES;
				CLANG_WARN_CONSTANT_CONVERSION = YES;
				CLANG_WARN_DIRECT_OBJC_ISA_USAGE = YES_ERROR;
				CLANG_WARN_EMPTY_BODY = YES;
				CLANG_WARN_ENUM_CONVERSION = YES;
				CLANG_WARN_INT_CONVERSION = YES;
				CLANG_WARN_OBJC_ROOT_CLASS = YES_ERROR;
				CLANG_WARN_UNREACHABLE_CODE = YES;
				CLANG_WARN__DUPLICATE_METHOD_MATCH = YES;
				"CODE_SIGN_IDENTITY[sdk=iphoneos*]" = "iPhone Developer";
				COPY_PHASE_STRIP = NO;
				DEBUG_INFORMATION_FORMAT = dwarf;
				ENABLE_STRICT_OBJC_MSGSEND = YES;
				ENABLE_TESTABILITY = YES;
				GCC_C_LANGUAGE_STANDARD = gnu99;
				GCC_DYNAMIC_NO_PIC = NO;
				GCC_NO_COMMON_BLOCKS = YES;
				GCC_OPTIMIZATION_LEVEL = 0;
				GCC_PREPROCESSOR_DEFINITIONS = (
					"DEBUG=1",
					"$(inherited)",
				);
				GCC_WARN_64_TO_32_BIT_CONVERSION = YES;
				GCC_WARN_ABOUT_RETURN_TYPE = YES_ERROR;
				GCC_WARN_UNDECLARED_SELECTOR = YES;
				GCC_WARN_UNINITIALIZED_AUTOS = YES_AGGRESSIVE;
				GCC_WARN_UNUSED_FUNCTION = YES;
				GCC_WARN_UNUSED_VARIABLE = YES;
				IPHONEOS_DEPLOYMENT_TARGET = 9.3;
				MTL_ENABLE_DEBUG_INFO = YES;
				ONLY_ACTIVE_ARCH = YES;
				SDKROOT = iphoneos;
				SWIFT_OPTIMIZATION_LEVEL = "-Onone";
			};
			name = Debug;
		};
		C72460E91DD45E5800B7E4C7 /* Release */ = {
			isa = XCBuildConfiguration;
			buildSettings = {
				ALWAYS_SEARCH_USER_PATHS = NO;
				CLANG_ANALYZER_NONNULL = YES;
				CLANG_CXX_LANGUAGE_STANDARD = "gnu++0x";
				CLANG_CXX_LIBRARY = "libc++";
				CLANG_ENABLE_MODULES = YES;
				CLANG_ENABLE_OBJC_ARC = YES;
				CLANG_WARN_BOOL_CONVERSION = YES;
				CLANG_WARN_CONSTANT_CONVERSION = YES;
				CLANG_WARN_DIRECT_OBJC_ISA_USAGE = YES_ERROR;
				CLANG_WARN_EMPTY_BODY = YES;
				CLANG_WARN_ENUM_CONVERSION = YES;
				CLANG_WARN_INT_CONVERSION = YES;
				CLANG_WARN_OBJC_ROOT_CLASS = YES_ERROR;
				CLANG_WARN_UNREACHABLE_CODE = YES;
				CLANG_WARN__DUPLICATE_METHOD_MATCH = YES;
				"CODE_SIGN_IDENTITY[sdk=iphoneos*]" = "iPhone Developer";
				COPY_PHASE_STRIP = NO;
				DEBUG_INFORMATION_FORMAT = "dwarf-with-dsym";
				ENABLE_NS_ASSERTIONS = NO;
				ENABLE_STRICT_OBJC_MSGSEND = YES;
				GCC_C_LANGUAGE_STANDARD = gnu99;
				GCC_NO_COMMON_BLOCKS = YES;
				GCC_WARN_64_TO_32_BIT_CONVERSION = YES;
				GCC_WARN_ABOUT_RETURN_TYPE = YES_ERROR;
				GCC_WARN_UNDECLARED_SELECTOR = YES;
				GCC_WARN_UNINITIALIZED_AUTOS = YES_AGGRESSIVE;
				GCC_WARN_UNUSED_FUNCTION = YES;
				GCC_WARN_UNUSED_VARIABLE = YES;
				IPHONEOS_DEPLOYMENT_TARGET = 9.3;
				MTL_ENABLE_DEBUG_INFO = NO;
				SDKROOT = iphoneos;
				VALIDATE_PRODUCT = YES;
			};
			name = Release;
		};
		C72460EB1DD45E5800B7E4C7 /* Debug */ = {
			isa = XCBuildConfiguration;
			buildSettings = {
				ASSETCATALOG_COMPILER_APPICON_NAME = AppIcon;
				INFOPLIST_FILE = CH10_UIAppliaction/Info.plist;
				LD_RUNPATH_SEARCH_PATHS = "$(inherited) @executable_path/Frameworks";
				PRODUCT_BUNDLE_IDENTIFIER = "com.gina.CH10-UIAppliaction";
				PRODUCT_NAME = "$(TARGET_NAME)";
			};
			name = Debug;
		};
		C72460EC1DD45E5800B7E4C7 /* Release */ = {
			isa = XCBuildConfiguration;
			buildSettings = {
				ASSETCATALOG_COMPILER_APPICON_NAME = AppIcon;
				INFOPLIST_FILE = CH10_UIAppliaction/Info.plist;
				LD_RUNPATH_SEARCH_PATHS = "$(inherited) @executable_path/Frameworks";
				PRODUCT_BUNDLE_IDENTIFIER = "com.gina.CH10-UIAppliaction";
				PRODUCT_NAME = "$(TARGET_NAME)";
			};
			name = Release;
		};
/* End XCBuildConfiguration section */

/* Begin XCConfigurationList section */
		C72460D31DD45E5800B7E4C7 /* Build configuration list for PBXProject "CH10_UIAppliaction" */ = {
			isa = XCConfigurationList;
			buildConfigurations = (
				C72460E81DD45E5800B7E4C7 /* Debug */,
				C72460E91DD45E5800B7E4C7 /* Release */,
			);
			defaultConfigurationIsVisible = 0;
			defaultConfigurationName = Release;
		};
		C72460EA1DD45E5800B7E4C7 /* Build configuration list for PBXNativeTarget "CH10_UIAppliaction" */ = {
			isa = XCConfigurationList;
			buildConfigurations = (
				C72460EB1DD45E5800B7E4C7 /* Debug */,
				C72460EC1DD45E5800B7E4C7 /* Release */,
			);
			defaultConfigurationIsVisible = 0;
		};
/* End XCConfigurationList section */
	};
	rootObject = C72460D01DD45E5800B7E4C7 /* Project object */;
}
